<?xml version="1.0" encoding="utf-8"?>
<Project ToolsVersion="4.0" xmlns="http://schemas.microsoft.com/developer/msbuild/2003">
  <ItemGroup>
    <Filter Include="Source Files">
      <UniqueIdentifier>{4FC737F1-C7A5-4376-A066-2A32D752A2FF}</UniqueIdentifier>
      <Extensions>cpp;c;cc;cxx;c++;cppm;ixx;def;odl;idl;hpj;bat;asm;asmx</Extensions>
    </Filter>
    <Filter Include="Header Files">
      <UniqueIdentifier>{93995380-89BD-4b04-88EB-625FBE52EBFB}</UniqueIdentifier>
      <Extensions>h;hh;hpp;hxx;h++;hm;inl;inc;ipp;xsd</Extensions>
    </Filter>
    <Filter Include="Shaders">
      <UniqueIdentifier>{21698483-f874-4ffa-b986-6fa897823126}</UniqueIdentifier>
    </Filter>
    <Filter Include="Header Files\Util">
      <UniqueIdentifier>{2447351e-eb07-4062-a33b-ad7e6e04552f}</UniqueIdentifier>
    </Filter>
    <Filter Include="Source Files\Util">
      <UniqueIdentifier>{fd92ff06-bf5f-47ca-969a-1b0a2dc7438d}</UniqueIdentifier>
    </Filter>
    <Filter Include="Shaders\Resource Files">
      <UniqueIdentifier>{67DA6AB6-F800-4c08-8B7A-83BB121AAD01}</UniqueIdentifier>
      <Extensions>rc;ico;cur;bmp;dlg;rc2;rct;bin;rgs;gif;jpg;jpeg;jpe;resx;tiff;tif;png;wav;mfcribbon-ms</Extensions>
    </Filter>
    <Filter Include="Shaders\Resource Files\models">
      <UniqueIdentifier>{cc1d3107-58f2-422a-9bc4-ed577b36533b}</UniqueIdentifier>
    </Filter>
    <Filter Include="Shaders\Resource Files\OCL">
      <UniqueIdentifier>{47440870-f9f2-4437-9432-a92e1894ce91}</UniqueIdentifier>
    </Filter>
  </ItemGroup>
  <ItemGroup>
    <ClInclude Include="CWin.h">
      <Filter>Header Files</Filter>
    </ClInclude>
    <ClInclude Include="DSKeyboard.h">
      <Filter>Header Files</Filter>
    </ClInclude>
    <ClInclude Include="DSMouse.h">
      <Filter>Header Files</Filter>
    </ClInclude>
    <ClInclude Include="EngineTime.h">
      <Filter>Header Files</Filter>
    </ClInclude>
    <ClInclude Include="Graphics.h">
      <Filter>Header Files</Filter>
    </ClInclude>
    <ClInclude Include="GraphicsErrors.h">
      <Filter>Header Files</Filter>
    </ClInclude>
    <ClInclude Include="X3DInt.h">
      <Filter>Header Files</Filter>
    </ClInclude>
    <ClInclude Include="RStorage.h">
      <Filter>Header Files</Filter>
    </ClInclude>
    <ClInclude Include="FrameResource.h">
      <Filter>Header Files</Filter>
    </ClInclude>
    <ClInclude Include="Engine.h">
      <Filter>Header Files</Filter>
    </ClInclude>
    <ClInclude Include="ePhysics.h">
      <Filter>Header Files</Filter>
    </ClInclude>
    <ClInclude Include="Exceptions.h">
      <Filter>Header Files</Filter>
    </ClInclude>
    <ClInclude Include="Threads.h">
      <Filter>Header Files</Filter>
    </ClInclude>
    <ClInclude Include="text.h">
      <Filter>Header Files</Filter>
    </ClInclude>
    <ClInclude Include="util\CL\cl.h">
      <Filter>Source Files\Util</Filter>
    </ClInclude>
    <ClInclude Include="util\CL\cl_d3d10.h">
      <Filter>Source Files\Util</Filter>
    </ClInclude>
    <ClInclude Include="util\CL\cl_d3d11.h">
      <Filter>Source Files\Util</Filter>
    </ClInclude>
    <ClInclude Include="util\CL\cl_dx9_media_sharing.h">
      <Filter>Source Files\Util</Filter>
    </ClInclude>
    <ClInclude Include="util\CL\cl_dx9_media_sharing_intel.h">
      <Filter>Source Files\Util</Filter>
    </ClInclude>
    <ClInclude Include="util\CL\cl_egl.h">
      <Filter>Source Files\Util</Filter>
    </ClInclude>
    <ClInclude Include="util\CL\cl_ext.h">
      <Filter>Source Files\Util</Filter>
    </ClInclude>
    <ClInclude Include="util\CL\cl_ext_intel.h">
      <Filter>Source Files\Util</Filter>
    </ClInclude>
    <ClInclude Include="util\CL\cl_function_types.h">
      <Filter>Source Files\Util</Filter>
    </ClInclude>
    <ClInclude Include="util\CL\cl_gl.h">
      <Filter>Source Files\Util</Filter>
    </ClInclude>
    <ClInclude Include="util\CL\cl_gl_ext.h">
      <Filter>Source Files\Util</Filter>
    </ClInclude>
    <ClInclude Include="util\CL\cl_half.h">
      <Filter>Source Files\Util</Filter>
    </ClInclude>
    <ClInclude Include="util\CL\cl_icd.h">
      <Filter>Source Files\Util</Filter>
    </ClInclude>
    <ClInclude Include="util\CL\cl_layer.h">
      <Filter>Source Files\Util</Filter>
    </ClInclude>
    <ClInclude Include="util\CL\cl_platform.h">
      <Filter>Source Files\Util</Filter>
    </ClInclude>
    <ClInclude Include="util\CL\cl_va_api_media_sharing_intel.h">
      <Filter>Source Files\Util</Filter>
    </ClInclude>
    <ClInclude Include="util\CL\cl_version.h">
      <Filter>Source Files\Util</Filter>
    </ClInclude>
    <ClInclude Include="util\CL\cl2.hpp">
      <Filter>Source Files\Util</Filter>
    </ClInclude>
    <ClInclude Include="util\CL\opencl.h">
      <Filter>Source Files\Util</Filter>
    </ClInclude>
    <ClInclude Include="util\CL\opencl.hpp">
      <Filter>Source Files\Util</Filter>
    </ClInclude>
    <ClInclude Include="util\CL\Utils\Context.h">
      <Filter>Source Files\Util</Filter>
    </ClInclude>
    <ClInclude Include="util\CL\Utils\Context.hpp">
      <Filter>Source Files\Util</Filter>
    </ClInclude>
    <ClInclude Include="util\CL\Utils\Detail.hpp">
      <Filter>Source Files\Util</Filter>
    </ClInclude>
    <ClInclude Include="util\CL\Utils\Device.hpp">
      <Filter>Source Files\Util</Filter>
    </ClInclude>
    <ClInclude Include="util\CL\Utils\Error.h">
      <Filter>Source Files\Util</Filter>
    </ClInclude>
    <ClInclude Include="util\CL\Utils\Error.hpp">
      <Filter>Source Files\Util</Filter>
    </ClInclude>
    <ClInclude Include="util\CL\Utils\ErrorCodes.h">
      <Filter>Source Files\Util</Filter>
    </ClInclude>
    <ClInclude Include="util\CL\Utils\Event.h">
      <Filter>Source Files\Util</Filter>
    </ClInclude>
    <ClInclude Include="util\CL\Utils\Event.hpp">
      <Filter>Source Files\Util</Filter>
    </ClInclude>
    <ClInclude Include="util\CL\Utils\File.h">
      <Filter>Source Files\Util</Filter>
    </ClInclude>
    <ClInclude Include="util\CL\Utils\File.hpp">
      <Filter>Source Files\Util</Filter>
    </ClInclude>
    <ClInclude Include="util\CL\Utils\InteropContext.hpp">
      <Filter>Source Files\Util</Filter>
    </ClInclude>
    <ClInclude Include="util\CL\Utils\OpenCLUtils_Export.h">
      <Filter>Source Files\Util</Filter>
    </ClInclude>
    <ClInclude Include="util\CL\Utils\OpenCLUtilsCpp_Export.h">
      <Filter>Source Files\Util</Filter>
    </ClInclude>
    <ClInclude Include="util\CL\Utils\Platform.hpp">
      <Filter>Source Files\Util</Filter>
    </ClInclude>
    <ClInclude Include="util\CL\Utils\Utils.h">
      <Filter>Source Files\Util</Filter>
    </ClInclude>
    <ClInclude Include="util\CL\Utils\Utils.hpp">
      <Filter>Source Files\Util</Filter>
    </ClInclude>
  </ItemGroup>
  <ItemGroup>
    <ResourceCompile Include="hw3d.rc">
      <Filter>Shaders\Resource Files</Filter>
    </ResourceCompile>
  </ItemGroup>
  <ItemGroup>
    <Image Include="icon1.ico">
      <Filter>Shaders\Resource Files</Filter>
    </Image>
  </ItemGroup>
  <ItemGroup>
    <None Include="packages.config" />
  </ItemGroup>
  <ItemGroup>
    <FxCompile Include="PixelShader.hlsl">
      <Filter>Shaders</Filter>
    </FxCompile>
    <FxCompile Include="VertexShader.hlsl">
      <Filter>Shaders</Filter>
    </FxCompile>
  </ItemGroup>
  <ItemGroup>
    <CopyFileToFolders Include="..\OpenCL\ePhysics.cl">
      <Filter>Shaders\Resource Files\OCL</Filter>
    </CopyFileToFolders>
    <CopyFileToFolders Include="..\OpenCL\SphrKern.cl">
      <Filter>Shaders\Resource Files\OCL</Filter>
    </CopyFileToFolders>
  </ItemGroup>
  <ItemGroup>
    <ClCompile Include="Engine.cpp">
      <Filter>Source Files</Filter>
    </ClCompile>
    <ClCompile Include="EngineTime.cpp">
      <Filter>Source Files</Filter>
    </ClCompile>
    <ClCompile Include="ePhysics.cpp">
      <Filter>Source Files</Filter>
    </ClCompile>
    <ClCompile Include="Exceptions.cpp">
      <Filter>Source Files</Filter>
    </ClCompile>
    <ClCompile Include="FrameResource.cpp">
      <Filter>Source Files</Filter>
    </ClCompile>
    <ClCompile Include="GraphicsErrors.cpp">
      <Filter>Source Files</Filter>
    </ClCompile>
    <ClCompile Include="Keyboard.cpp">
      <Filter>Source Files</Filter>
    </ClCompile>
    <ClCompile Include="Mouse.cpp">
      <Filter>Source Files</Filter>
    </ClCompile>
    <ClCompile Include="RStorage.cpp">
      <Filter>Source Files</Filter>
    </ClCompile>
    <ClCompile Include="Threads.cpp">
      <Filter>Source Files</Filter>
    </ClCompile>
    <ClCompile Include="X3DInt.cpp">
      <Filter>Source Files</Filter>
    </ClCompile>
    <ClCompile Include="Graphics.cpp">
      <Filter>Source Files</Filter>
    </ClCompile>
  </ItemGroup>
</Project>