
Microsoft Visual Studio Solution File, Format Version 12.00
# Visual Studio Version 17
VisualStudioVersion = 17.7.34031.279
MinimumVisualStudioVersion = 10.0.40219.1
Project("{8BC9CEB8-8B4A-11D0-8D11-00A0C91BC942}") = "DSECommon", "DSECommon\hw3d.vcxproj", "{0D21CDF2-3F4E-4DF1-8657-D92F6A32CD32}"
EndProject
Project("{8BC9CEB8-8B4A-11D0-8D11-00A0C91BC942}") = "Dragon Space Engine Editor", "Editor\Editor.vcxproj", "{94533E29-B9CE-4ACC-8684-32B554A4C707}"
EndProject
Project("{8BC9CEB8-8B4A-11D0-8D11-00A0C91BC942}") = "DSE", "DSE\DSE.vcxproj", "{C8F09641-BDDE-4157-B9EF-C54446A86807}"
EndProject
Project("{8BC9CEB8-8B4A-11D0-8D11-00A0C91BC942}") = "ImGui v1.92.0", "ImGui\ImGui.vcxproj", "{CA98BD57-2889-4E73-A37D-7F3D633B383A}"
EndProject
Global
	GlobalSection(SolutionConfigurationPlatforms) = preSolution
		Debug|x64 = Debug|x64
		Release|x64 = Release|x64
	EndGlobalSection
	GlobalSection(ProjectConfigurationPlatforms) = postSolution
		{0D21CDF2-3F4E-4DF1-8657-D92F6A32CD32}.Debug|x64.ActiveCfg = Debug|x64
		{0D21CDF2-3F4E-4DF1-8657-D92F6A32CD32}.Debug|x64.Build.0 = Debug|x64
		{0D21CDF2-3F4E-4DF1-8657-D92F6A32CD32}.Release|x64.ActiveCfg = Release|x64
		{0D21CDF2-3F4E-4DF1-8657-D92F6A32CD32}.Release|x64.Build.0 = Release|x64
		{94533E29-B9CE-4ACC-8684-32B554A4C707}.Debug|x64.ActiveCfg = Debug|x64
		{94533E29-B9CE-4ACC-8684-32B554A4C707}.Debug|x64.Build.0 = Debug|x64
		{94533E29-B9CE-4ACC-8684-32B554A4C707}.Release|x64.ActiveCfg = Release|x64
		{94533E29-B9CE-4ACC-8684-32B554A4C707}.Release|x64.Build.0 = Release|x64
		{C8F09641-BDDE-4157-B9EF-C54446A86807}.Debug|x64.ActiveCfg = Debug|x64
		{C8F09641-BDDE-4157-B9EF-C54446A86807}.Debug|x64.Build.0 = Debug|x64
		{C8F09641-BDDE-4157-B9EF-C54446A86807}.Release|x64.ActiveCfg = Release|x64
		{C8F09641-BDDE-4157-B9EF-C54446A86807}.Release|x64.Build.0 = Release|x64
		{CA98BD57-2889-4E73-A37D-7F3D633B383A}.Debug|x64.ActiveCfg = Debug|x64
		{CA98BD57-2889-4E73-A37D-7F3D633B383A}.Debug|x64.Build.0 = Debug|x64
		{CA98BD57-2889-4E73-A37D-7F3D633B383A}.Release|x64.ActiveCfg = Release|x64
		{CA98BD57-2889-4E73-A37D-7F3D633B383A}.Release|x64.Build.0 = Release|x64
	EndGlobalSection
	GlobalSection(SolutionProperties) = preSolution
		HideSolutionNode = FALSE
	EndGlobalSection
	GlobalSection(ExtensibilityGlobals) = postSolution
		SolutionGuid = {20F3F64D-291E-41FC-8339-A8D3105E6F97}
	EndGlobalSection
EndGlobal
